
Microsoft Visual Studio Solution File, Format Version 12.00
# Visual Studio Version 17
VisualStudioVersion = 17.14.36327.8
MinimumVisualStudioVersion = 10.0.40219.1
Project("{FAE04EC0-301F-11D3-BF4B-00C04F79EFBC}") = "Domain", "Domain\Domain.csproj", "{14606511-27C5-473C-8BED-B1BD563860F1}"
EndProject
Project("{FAE04EC0-301F-11D3-BF4B-00C04F79EFBC}") = "Infra.Data", "Infra.Data\Infra.Data.csproj", "{0C563F5E-A4C6-413A-B93D-0C1315009C54}"
EndProject
Project("{FAE04EC0-301F-11D3-BF4B-00C04F79EFBC}") = "CrossCutting", "CrossCutting\CrossCutting.csproj", "{8FE09EB1-ED58-4774-8BED-15B1B33B418F}"
EndProject
Project("{FAE04EC0-301F-11D3-BF4B-00C04F79EFBC}") = "Services", "Services\Services.csproj", "{407D27B7-7817-4466-B700-BDF436F8B83E}"
EndProject
Project("{FAE04EC0-301F-11D3-BF4B-00C04F79EFBC}") = "Imoveis-Api", "Imoveis-Api\Imoveis-Api.csproj", "{15DAF888-C2D7-443B-B9AA-E1B7EB1E6DA5}"
EndProject
Global
	GlobalSection(SolutionConfigurationPlatforms) = preSolution
		Debug|Any CPU = Debug|Any CPU
		Release|Any CPU = Release|Any CPU
	EndGlobalSection
	GlobalSection(ProjectConfigurationPlatforms) = postSolution
		{14606511-27C5-473C-8BED-B1BD563860F1}.Debug|Any CPU.ActiveCfg = Debug|Any CPU
		{14606511-27C5-473C-8BED-B1BD563860F1}.Debug|Any CPU.Build.0 = Debug|Any CPU
		{14606511-27C5-473C-8BED-B1BD563860F1}.Release|Any CPU.ActiveCfg = Release|Any CPU
		{14606511-27C5-473C-8BED-B1BD563860F1}.Release|Any CPU.Build.0 = Release|Any CPU
		{0C563F5E-A4C6-413A-B93D-0C1315009C54}.Debug|Any CPU.ActiveCfg = Debug|Any CPU
		{0C563F5E-A4C6-413A-B93D-0C1315009C54}.Debug|Any CPU.Build.0 = Debug|Any CPU
		{0C563F5E-A4C6-413A-B93D-0C1315009C54}.Release|Any CPU.ActiveCfg = Release|Any CPU
		{0C563F5E-A4C6-413A-B93D-0C1315009C54}.Release|Any CPU.Build.0 = Release|Any CPU
		{8FE09EB1-ED58-4774-8BED-15B1B33B418F}.Debug|Any CPU.ActiveCfg = Debug|Any CPU
		{8FE09EB1-ED58-4774-8BED-15B1B33B418F}.Debug|Any CPU.Build.0 = Debug|Any CPU
		{8FE09EB1-ED58-4774-8BED-15B1B33B418F}.Release|Any CPU.ActiveCfg = Release|Any CPU
		{8FE09EB1-ED58-4774-8BED-15B1B33B418F}.Release|Any CPU.Build.0 = Release|Any CPU
		{407D27B7-7817-4466-B700-BDF436F8B83E}.Debug|Any CPU.ActiveCfg = Debug|Any CPU
		{407D27B7-7817-4466-B700-BDF436F8B83E}.Debug|Any CPU.Build.0 = Debug|Any CPU
		{407D27B7-7817-4466-B700-BDF436F8B83E}.Release|Any CPU.ActiveCfg = Release|Any CPU
		{407D27B7-7817-4466-B700-BDF436F8B83E}.Release|Any CPU.Build.0 = Release|Any CPU
		{15DAF888-C2D7-443B-B9AA-E1B7EB1E6DA5}.Debug|Any CPU.ActiveCfg = Debug|Any CPU
		{15DAF888-C2D7-443B-B9AA-E1B7EB1E6DA5}.Debug|Any CPU.Build.0 = Debug|Any CPU
		{15DAF888-C2D7-443B-B9AA-E1B7EB1E6DA5}.Release|Any CPU.ActiveCfg = Release|Any CPU
		{15DAF888-C2D7-443B-B9AA-E1B7EB1E6DA5}.Release|Any CPU.Build.0 = Release|Any CPU
	EndGlobalSection
	GlobalSection(SolutionProperties) = preSolution
		HideSolutionNode = FALSE
	EndGlobalSection
	GlobalSection(ExtensibilityGlobals) = postSolution
		SolutionGuid = {75DCD4E9-330B-4008-9B69-D9BE21A377C2}
	EndGlobalSection
EndGlobal
